// !$*UTF8*$!
{
	archiveVersion = 1;
	classes = {
	};
	objectVersion = 46;
	objects = {

/* Begin PBXGroup section */
		DFA81BBE1C451B87002BA804 = {
			isa = PBXGroup;
			children = (
			);
			sourceTree = "<group>";
		};
/* End PBXGroup section */

/* Begin PBXProject section */
		DFA81BBF1C451B87002BA804 /* Project object */ = {
			isa = PBXProject;
			attributes = {
				LastUpgradeCheck = 0720;
			};
			buildConfigurationList = DFA81BC21C451B87002BA804 /* Build configuration list for PBXProject "HelloSwiftWorld" */;
			compatibilityVersion = "Xcode 3.2";
			developmentRegion = English;
			hasScannedForEncodings = 0;
			knownRegions = (
				en,
			);
			mainGroup = DFA81BBE1C451B87002BA804;
			projectDirPath = "";
			projectRoot = "";
			targets = (
			);
		};
/* End PBXProject section */

/* Begin XCBuildConfiguration section */
		DFA81BC31C451B87002BA804 /* Debug */ = {
			isa = XCBuildConfiguration;
			buildSettings = {
			};
			name = Debug;
		};
		DFA81BC41C451B87002BA804 /* Release */ = {
			isa = XCBuildConfiguration;
			buildSettings = {
			};
			name = Release;
		};
/* End XCBuildConfiguration section */

/* Begin XCConfigurationList section */
		DFA81BC21C451B87002BA804 /* Build configuration list for PBXProject "HelloSwiftWorld" */ = {
			isa = XCConfigurationList;
			buildConfigurations = (
				DFA81BC31C451B87002BA804 /* Debug */,
				DFA81BC41C451B87002BA804 /* Release */,
			);
			defaultConfigurationIsVisible = 0;
			defaultConfigurationName = Release;
		};
/* End XCConfigurationList section */
	};
	rootObject = DFA81BBF1C451B87002BA804 /* Project object */;
}
